
Microsoft Visual Studio Solution File, Format Version 12.00
# Visual Studio Version 17
VisualStudioVersion = 17.3.32929.385
MinimumVisualStudioVersion = 10.0.40219.1
Project("{FAE04EC0-301F-11D3-BF4B-00C04F79EFBC}") = "gRPCService", "gRPCService.csproj", "{6EAD4573-E831-4243-973B-BC716EB8D838}"
EndProject
Project("{FAE04EC0-301F-11D3-BF4B-00C04F79EFBC}") = "gRPCclientApp", "..\gRPCclientApp\gRPCclientApp.csproj", "{FE88C3EC-2EAC-498D-A039-701657F0F975}"
EndProject
Global
	GlobalSection(SolutionConfigurationPlatforms) = preSolution
		Debug|Any CPU = Debug|Any CPU
		Release|Any CPU = Release|Any CPU
	EndGlobalSection
	GlobalSection(ProjectConfigurationPlatforms) = postSolution
		{6EAD4573-E831-4243-973B-BC716EB8D838}.Debug|Any CPU.ActiveCfg = Debug|Any CPU
		{6EAD4573-E831-4243-973B-BC716EB8D838}.Debug|Any CPU.Build.0 = Debug|Any CPU
		{6EAD4573-E831-4243-973B-BC716EB8D838}.Release|Any CPU.ActiveCfg = Release|Any CPU
		{6EAD4573-E831-4243-973B-BC716EB8D838}.Release|Any CPU.Build.0 = Release|Any CPU
		{FE88C3EC-2EAC-498D-A039-701657F0F975}.Debug|Any CPU.ActiveCfg = Debug|Any CPU
		{FE88C3EC-2EAC-498D-A039-701657F0F975}.Debug|Any CPU.Build.0 = Debug|Any CPU
		{FE88C3EC-2EAC-498D-A039-701657F0F975}.Release|Any CPU.ActiveCfg = Release|Any CPU
		{FE88C3EC-2EAC-498D-A039-701657F0F975}.Release|Any CPU.Build.0 = Release|Any CPU
	EndGlobalSection
	GlobalSection(SolutionProperties) = preSolution
		HideSolutionNode = FALSE
	EndGlobalSection
	GlobalSection(ExtensibilityGlobals) = postSolution
		SolutionGuid = {885119DB-69B9-4D7E-AFF9-4CF69EE653D9}
	EndGlobalSection
EndGlobal
